// !$*UTF8*$!
{
	archiveVersion = 1;
	classes = {
	};
	objectVersion = 46;
	objects = {

/* Begin PBXBuildFile section */
		3F69ABBC1DE3BE71002627B9 /* Todo in Resources */ = {isa = PBXBuildFile; fileRef = 3F69ABBB1DE3BE71002627B9 /* Todo */; };
		3FA4A9A71DC7891D00516584 /* AppDelegate.swift in Sources */ = {isa = PBXBuildFile; fileRef = 3FA4A9A61DC7891D00516584 /* AppDelegate.swift */; };
		3FA4A9A91DC7891D00516584 /* ViewController.swift in Sources */ = {isa = PBXBuildFile; fileRef = 3FA4A9A81DC7891D00516584 /* ViewController.swift */; };
		3FA4A9AC1DC7891D00516584 /* Main.storyboard in Resources */ = {isa = PBXBuildFile; fileRef = 3FA4A9AA1DC7891D00516584 /* Main.storyboard */; };
		3FA4A9AE1DC7891D00516584 /* Assets.xcassets in Resources */ = {isa = PBXBuildFile; fileRef = 3FA4A9AD1DC7891D00516584 /* Assets.xcassets */; };
		3FA4A9B11DC7891D00516584 /* LaunchScreen.storyboard in Resources */ = {isa = PBXBuildFile; fileRef = 3FA4A9AF1DC7891D00516584 /* LaunchScreen.storyboard */; };
		3FA4A9BC1DC7891D00516584 /* IntervalTimerTests.swift in Sources */ = {isa = PBXBuildFile; fileRef = 3FA4A9BB1DC7891D00516584 /* IntervalTimerTests.swift */; };
/* End PBXBuildFile section */

/* Begin PBXContainerItemProxy section */
		3FA4A9B81DC7891D00516584 /* PBXContainerItemProxy */ = {
			isa = PBXContainerItemProxy;
			containerPortal = 3FA4A99B1DC7891D00516584 /* Project object */;
			proxyType = 1;
			remoteGlobalIDString = 3FA4A9A21DC7891D00516584;
			remoteInfo = IntervalTimer;
		};
/* End PBXContainerItemProxy section */

/* Begin PBXFileReference section */
		3F69ABBB1DE3BE71002627B9 /* Todo */ = {isa = PBXFileReference; fileEncoding = 4; lastKnownFileType = text; path = Todo; sourceTree = "<group>"; };
		3FA4A9A31DC7891D00516584 /* IntervalTimer.app */ = {isa = PBXFileReference; explicitFileType = wrapper.application; includeInIndex = 0; path = IntervalTimer.app; sourceTree = BUILT_PRODUCTS_DIR; };
		3FA4A9A61DC7891D00516584 /* AppDelegate.swift */ = {isa = PBXFileReference; lastKnownFileType = sourcecode.swift; path = AppDelegate.swift; sourceTree = "<group>"; };
		3FA4A9A81DC7891D00516584 /* ViewController.swift */ = {isa = PBXFileReference; lastKnownFileType = sourcecode.swift; path = ViewController.swift; sourceTree = "<group>"; };
		3FA4A9AB1DC7891D00516584 /* Base */ = {isa = PBXFileReference; lastKnownFileType = file.storyboard; name = Base; path = Base.lproj/Main.storyboard; sourceTree = "<group>"; };
		3FA4A9AD1DC7891D00516584 /* Assets.xcassets */ = {isa = PBXFileReference; lastKnownFileType = folder.assetcatalog; path = Assets.xcassets; sourceTree = "<group>"; };
		3FA4A9B01DC7891D00516584 /* Base */ = {isa = PBXFileReference; lastKnownFileType = file.storyboard; name = Base; path = Base.lproj/LaunchScreen.storyboard; sourceTree = "<group>"; };
		3FA4A9B21DC7891D00516584 /* Info.plist */ = {isa = PBXFileReference; lastKnownFileType = text.plist.xml; path = Info.plist; sourceTree = "<group>"; };
		3FA4A9B71DC7891D00516584 /* IntervalTimerTests.xctest */ = {isa = PBXFileReference; explicitFileType = wrapper.cfbundle; includeInIndex = 0; path = IntervalTimerTests.xctest; sourceTree = BUILT_PRODUCTS_DIR; };
		3FA4A9BB1DC7891D00516584 /* IntervalTimerTests.swift */ = {isa = PBXFileReference; lastKnownFileType = sourcecode.swift; path = IntervalTimerTests.swift; sourceTree = "<group>"; };
		3FA4A9BD1DC7891D00516584 /* Info.plist */ = {isa = PBXFileReference; lastKnownFileType = text.plist.xml; path = Info.plist; sourceTree = "<group>"; };
/* End PBXFileReference section */

/* Begin PBXFrameworksBuildPhase section */
		3FA4A9A01DC7891D00516584 /* Frameworks */ = {
			isa = PBXFrameworksBuildPhase;
			buildActionMask = 2147483647;
			files = (
			);
			runOnlyForDeploymentPostprocessing = 0;
		};
		3FA4A9B41DC7891D00516584 /* Frameworks */ = {
			isa = PBXFrameworksBuildPhase;
			buildActionMask = 2147483647;
			files = (
			);
			runOnlyForDeploymentPostprocessing = 0;
		};
/* End PBXFrameworksBuildPhase section */

/* Begin PBXGroup section */
		3FA4A99A1DC7891D00516584 = {
			isa = PBXGroup;
			children = (
				3FA4A9A51DC7891D00516584 /* IntervalTimer */,
				3FA4A9BA1DC7891D00516584 /* IntervalTimerTests */,
				3FA4A9A41DC7891D00516584 /* Products */,
			);
			sourceTree = "<group>";
		};
		3FA4A9A41DC7891D00516584 /* Products */ = {
			isa = PBXGroup;
			children = (
				3FA4A9A31DC7891D00516584 /* IntervalTimer.app */,
				3FA4A9B71DC7891D00516584 /* IntervalTimerTests.xctest */,
			);
			name = Products;
			sourceTree = "<group>";
		};
		3FA4A9A51DC7891D00516584 /* IntervalTimer */ = {
			isa = PBXGroup;
			children = (
				3FA4A9A61DC7891D00516584 /* AppDelegate.swift */,
				3FA4A9A81DC7891D00516584 /* ViewController.swift */,
				3FA4A9AA1DC7891D00516584 /* Main.storyboard */,
				3F69ABBB1DE3BE71002627B9 /* Todo */,
				3FA4A9AD1DC7891D00516584 /* Assets.xcassets */,
				3FA4A9AF1DC7891D00516584 /* LaunchScreen.storyboard */,
				3FA4A9B21DC7891D00516584 /* Info.plist */,
			);
			path = IntervalTimer;
			sourceTree = "<group>";
		};
		3FA4A9BA1DC7891D00516584 /* IntervalTimerTests */ = {
			isa = PBXGroup;
			children = (
				3FA4A9BB1DC7891D00516584 /* IntervalTimerTests.swift */,
				3FA4A9BD1DC7891D00516584 /* Info.plist */,
			);
			path = IntervalTimerTests;
			sourceTree = "<group>";
		};
/* End PBXGroup section */

/* Begin PBXNativeTarget section */
		3FA4A9A21DC7891D00516584 /* IntervalTimer */ = {
			isa = PBXNativeTarget;
			buildConfigurationList = 3FA4A9C01DC7891D00516584 /* Build configuration list for PBXNativeTarget "IntervalTimer" */;
			buildPhases = (
				3FA4A99F1DC7891D00516584 /* Sources */,
				3FA4A9A01DC7891D00516584 /* Frameworks */,
				3FA4A9A11DC7891D00516584 /* Resources */,
			);
			buildRules = (
			);
			dependencies = (
			);
			name = IntervalTimer;
			productName = IntervalTimer;
			productReference = 3FA4A9A31DC7891D00516584 /* IntervalTimer.app */;
			productType = "com.apple.product-type.application";
		};
		3FA4A9B61DC7891D00516584 /* IntervalTimerTests */ = {
			isa = PBXNativeTarget;
			buildConfigurationList = 3FA4A9C31DC7891D00516584 /* Build configuration list for PBXNativeTarget "IntervalTimerTests" */;
			buildPhases = (
				3FA4A9B31DC7891D00516584 /* Sources */,
				3FA4A9B41DC7891D00516584 /* Frameworks */,
				3FA4A9B51DC7891D00516584 /* Resources */,
			);
			buildRules = (
			);
			dependencies = (
				3FA4A9B91DC7891D00516584 /* PBXTargetDependency */,
			);
			name = IntervalTimerTests;
			productName = IntervalTimerTests;
			productReference = 3FA4A9B71DC7891D00516584 /* IntervalTimerTests.xctest */;
			productType = "com.apple.product-type.bundle.unit-test";
		};
/* End PBXNativeTarget section */

/* Begin PBXProject section */
		3FA4A99B1DC7891D00516584 /* Project object */ = {
			isa = PBXProject;
			attributes = {
				LastSwiftUpdateCheck = 0800;
				LastUpgradeCheck = 0800;
				ORGANIZATIONNAME = "Benson Programming";
				TargetAttributes = {
					3FA4A9A21DC7891D00516584 = {
						CreatedOnToolsVersion = 8.0;
						ProvisioningStyle = Automatic;
					};
					3FA4A9B61DC7891D00516584 = {
						CreatedOnToolsVersion = 8.0;
						ProvisioningStyle = Automatic;
						TestTargetID = 3FA4A9A21DC7891D00516584;
					};
				};
			};
			buildConfigurationList = 3FA4A99E1DC7891D00516584 /* Build configuration list for PBXProject "IntervalTimer" */;
			compatibilityVersion = "Xcode 3.2";
			developmentRegion = English;
			hasScannedForEncodings = 0;
			knownRegions = (
				en,
				Base,
			);
			mainGroup = 3FA4A99A1DC7891D00516584;
			productRefGroup = 3FA4A9A41DC7891D00516584 /* Products */;
			projectDirPath = "";
			projectRoot = "";
			targets = (
				3FA4A9A21DC7891D00516584 /* IntervalTimer */,
				3FA4A9B61DC7891D00516584 /* IntervalTimerTests */,
			);
		};
/* End PBXProject section */

/* Begin PBXResourcesBuildPhase section */
		3FA4A9A11DC7891D00516584 /* Resources */ = {
			isa = PBXResourcesBuildPhase;
			buildActionMask = 2147483647;
			files = (
				3FA4A9B11DC7891D00516584 /* LaunchScreen.storyboard in Resources */,
				3FA4A9AE1DC7891D00516584 /* Assets.xcassets in Resources */,
				3F69ABBC1DE3BE71002627B9 /* Todo in Resources */,
				3FA4A9AC1DC7891D00516584 /* Main.storyboard in Resources */,
			);
			runOnlyForDeploymentPostprocessing = 0;
		};
		3FA4A9B51DC7891D00516584 /* Resources */ = {
			isa = PBXResourcesBuildPhase;
			buildActionMask = 2147483647;
			files = (
			);
			runOnlyForDeploymentPostprocessing = 0;
		};
/* End PBXResourcesBuildPhase section */

/* Begin PBXSourcesBuildPhase section */
		3FA4A99F1DC7891D00516584 /* Sources */ = {
			isa = PBXSourcesBuildPhase;
			buildActionMask = 2147483647;
			files = (
				3FA4A9A91DC7891D00516584 /* ViewController.swift in Sources */,
				3FA4A9A71DC7891D00516584 /* AppDelegate.swift in Sources */,
			);
			runOnlyForDeploymentPostprocessing = 0;
		};
		3FA4A9B31DC7891D00516584 /* Sources */ = {
			isa = PBXSourcesBuildPhase;
			buildActionMask = 2147483647;
			files = (
				3FA4A9BC1DC7891D00516584 /* IntervalTimerTests.swift in Sources */,
			);
			runOnlyForDeploymentPostprocessing = 0;
		};
/* End PBXSourcesBuildPhase section */

/* Begin PBXTargetDependency section */
		3FA4A9B91DC7891D00516584 /* PBXTargetDependency */ = {
			isa = PBXTargetDependency;
			target = 3FA4A9A21DC7891D00516584 /* IntervalTimer */;
			targetProxy = 3FA4A9B81DC7891D00516584 /* PBXContainerItemProxy */;
		};
/* End PBXTargetDependency section */

/* Begin PBXVariantGroup section */
		3FA4A9AA1DC7891D00516584 /* Main.storyboard */ = {
			isa = PBXVariantGroup;
			children = (
				3FA4A9AB1DC7891D00516584 /* Base */,
			);
			name = Main.storyboard;
			sourceTree = "<group>";
		};
		3FA4A9AF1DC7891D00516584 /* LaunchScreen.storyboard */ = {
			isa = PBXVariantGroup;
			children = (
				3FA4A9B01DC7891D00516584 /* Base */,
			);
			name = LaunchScreen.storyboard;
			sourceTree = "<group>";
		};
/* End PBXVariantGroup section */

/* Begin XCBuildConfiguration section */
		3FA4A9BE1DC7891D00516584 /* Debug */ = {
			isa = XCBuildConfiguration;
			buildSettings = {
				ALWAYS_SEARCH_USER_PATHS = NO;
				CLANG_ANALYZER_NONNULL = YES;
				CLANG_CXX_LANGUAGE_STANDARD = "gnu++0x";
				CLANG_CXX_LIBRARY = "libc++";
				CLANG_ENABLE_MODULES = YES;
				CLANG_ENABLE_OBJC_ARC = YES;
				CLANG_WARN_BOOL_CONVERSION = YES;
				CLANG_WARN_CONSTANT_CONVERSION = YES;
				CLANG_WARN_DIRECT_OBJC_ISA_USAGE = YES_ERROR;
				CLANG_WARN_DOCUMENTATION_COMMENTS = YES;
				CLANG_WARN_EMPTY_BODY = YES;
				CLANG_WARN_ENUM_CONVERSION = YES;
				CLANG_WARN_INFINITE_RECURSION = YES;
				CLANG_WARN_INT_CONVERSION = YES;
				CLANG_WARN_OBJC_ROOT_CLASS = YES_ERROR;
				CLANG_WARN_SUSPICIOUS_MOVES = YES;
				CLANG_WARN_UNREACHABLE_CODE = YES;
				CLANG_WARN__DUPLICATE_METHOD_MATCH = YES;
				"CODE_SIGN_IDENTITY[sdk=iphoneos*]" = "iPhone Developer";
				COPY_PHASE_STRIP = NO;
				DEBUG_INFORMATION_FORMAT = dwarf;
				ENABLE_STRICT_OBJC_MSGSEND = YES;
				ENABLE_TESTABILITY = YES;
				GCC_C_LANGUAGE_STANDARD = gnu99;
				GCC_DYNAMIC_NO_PIC = NO;
				GCC_NO_COMMON_BLOCKS = YES;
				GCC_OPTIMIZATION_LEVEL = 0;
				GCC_PREPROCESSOR_DEFINITIONS = (
					"DEBUG=1",
					"$(inherited)",
				);
				GCC_WARN_64_TO_32_BIT_CONVERSION = YES;
				GCC_WARN_ABOUT_RETURN_TYPE = YES_ERROR;
				GCC_WARN_UNDECLARED_SELECTOR = YES;
				GCC_WARN_UNINITIALIZED_AUTOS = YES_AGGRESSIVE;
				GCC_WARN_UNUSED_FUNCTION = YES;
				GCC_WARN_UNUSED_VARIABLE = YES;
				IPHONEOS_DEPLOYMENT_TARGET = 10.0;
				MTL_ENABLE_DEBUG_INFO = YES;
				ONLY_ACTIVE_ARCH = YES;
				SDKROOT = iphoneos;
				SWIFT_ACTIVE_COMPILATION_CONDITIONS = DEBUG;
				SWIFT_OPTIMIZATION_LEVEL = "-Onone";
				TARGETED_DEVICE_FAMILY = "1,2";
			};
			name = Debug;
		};
		3FA4A9BF1DC7891D00516584 /* Release */ = {
			isa = XCBuildConfiguration;
			buildSettings = {
				ALWAYS_SEARCH_USER_PATHS = NO;
				CLANG_ANALYZER_NONNULL = YES;
				CLANG_CXX_LANGUAGE_STANDARD = "gnu++0x";
				CLANG_CXX_LIBRARY = "libc++";
				CLANG_ENABLE_MODULES = YES;
				CLANG_ENABLE_OBJC_ARC = YES;
				CLANG_WARN_BOOL_CONVERSION = YES;
				CLANG_WARN_CONSTANT_CONVERSION = YES;
				CLANG_WARN_DIRECT_OBJC_ISA_USAGE = YES_ERROR;
				CLANG_WARN_DOCUMENTATION_COMMENTS = YES;
				CLANG_WARN_EMPTY_BODY = YES;
				CLANG_WARN_ENUM_CONVERSION = YES;
				CLANG_WARN_INFINITE_RECURSION = YES;
				CLANG_WARN_INT_CONVERSION = YES;
				CLANG_WARN_OBJC_ROOT_CLASS = YES_ERROR;
				CLANG_WARN_SUSPICIOUS_MOVES = YES;
				CLANG_WARN_UNREACHABLE_CODE = YES;
				CLANG_WARN__DUPLICATE_METHOD_MATCH = YES;
				"CODE_SIGN_IDENTITY[sdk=iphoneos*]" = "iPhone Developer";
				COPY_PHASE_STRIP = NO;
				DEBUG_INFORMATION_FORMAT = "dwarf-with-dsym";
				ENABLE_NS_ASSERTIONS = NO;
				ENABLE_STRICT_OBJC_MSGSEND = YES;
				GCC_C_LANGUAGE_STANDARD = gnu99;
				GCC_NO_COMMON_BLOCKS = YES;
				GCC_WARN_64_TO_32_BIT_CONVERSION = YES;
				GCC_WARN_ABOUT_RETURN_TYPE = YES_ERROR;
				GCC_WARN_UNDECLARED_SELECTOR = YES;
				GCC_WARN_UNINITIALIZED_AUTOS = YES_AGGRESSIVE;
				GCC_WARN_UNUSED_FUNCTION = YES;
				GCC_WARN_UNUSED_VARIABLE = YES;
				IPHONEOS_DEPLOYMENT_TARGET = 10.0;
				MTL_ENABLE_DEBUG_INFO = NO;
				SDKROOT = iphoneos;
				SWIFT_OPTIMIZATION_LEVEL = "-Owholemodule";
				TARGETED_DEVICE_FAMILY = "1,2";
				VALIDATE_PRODUCT = YES;
			};
			name = Release;
		};
		3FA4A9C11DC7891D00516584 /* Debug */ = {
			isa = XCBuildConfiguration;
			buildSettings = {
				ASSETCATALOG_COMPILER_APPICON_NAME = AppIcon;
				INFOPLIST_FILE = IntervalTimer/Info.plist;
				IPHONEOS_DEPLOYMENT_TARGET = 10.0;
				LD_RUNPATH_SEARCH_PATHS = "$(inherited) @executable_path/Frameworks";
				PRODUCT_BUNDLE_IDENTIFIER = com.benson.IntervalTimer;
				PRODUCT_NAME = "$(TARGET_NAME)";
				SWIFT_VERSION = 3.0;
				TARGETED_DEVICE_FAMILY = 1;
			};
			name = Debug;
		};
		3FA4A9C21DC7891D00516584 /* Release */ = {
			isa = XCBuildConfiguration;
			buildSettings = {
				ASSETCATALOG_COMPILER_APPICON_NAME = AppIcon;
				INFOPLIST_FILE = IntervalTimer/Info.plist;
				IPHONEOS_DEPLOYMENT_TARGET = 10.0;
				LD_RUNPATH_SEARCH_PATHS = "$(inherited) @executable_path/Frameworks";
				PRODUCT_BUNDLE_IDENTIFIER = com.benson.IntervalTimer;
				PRODUCT_NAME = "$(TARGET_NAME)";
				SWIFT_VERSION = 3.0;
				TARGETED_DEVICE_FAMILY = 1;
			};
			name = Release;
		};
		3FA4A9C41DC7891D00516584 /* Debug */ = {
			isa = XCBuildConfiguration;
			buildSettings = {
				ALWAYS_EMBED_SWIFT_STANDARD_LIBRARIES = YES;
				BUNDLE_LOADER = "$(TEST_HOST)";
				INFOPLIST_FILE = IntervalTimerTests/Info.plist;
				LD_RUNPATH_SEARCH_PATHS = "$(inherited) @executable_path/Frameworks @loader_path/Frameworks";
				PRODUCT_BUNDLE_IDENTIFIER = com.benson.IntervalTimerTests;
				PRODUCT_NAME = "$(TARGET_NAME)";
				SWIFT_VERSION = 3.0;
				TEST_HOST = "$(BUILT_PRODUCTS_DIR)/IntervalTimer.app/IntervalTimer";
			};
			name = Debug;
		};
		3FA4A9C51DC7891D00516584 /* Release */ = {
			isa = XCBuildConfiguration;
			buildSettings = {
				ALWAYS_EMBED_SWIFT_STANDARD_LIBRARIES = YES;
				BUNDLE_LOADER = "$(TEST_HOST)";
				INFOPLIST_FILE = IntervalTimerTests/Info.plist;
				LD_RUNPATH_SEARCH_PATHS = "$(inherited) @executable_path/Frameworks @loader_path/Frameworks";
				PRODUCT_BUNDLE_IDENTIFIER = com.benson.IntervalTimerTests;
				PRODUCT_NAME = "$(TARGET_NAME)";
				SWIFT_VERSION = 3.0;
				TEST_HOST = "$(BUILT_PRODUCTS_DIR)/IntervalTimer.app/IntervalTimer";
			};
			name = Release;
		};
/* End XCBuildConfiguration section */

/* Begin XCConfigurationList section */
		3FA4A99E1DC7891D00516584 /* Build configuration list for PBXProject "IntervalTimer" */ = {
			isa = XCConfigurationList;
			buildConfigurations = (
				3FA4A9BE1DC7891D00516584 /* Debug */,
				3FA4A9BF1DC7891D00516584 /* Release */,
			);
			defaultConfigurationIsVisible = 0;
			defaultConfigurationName = Release;
		};
		3FA4A9C01DC7891D00516584 /* Build configuration list for PBXNativeTarget "IntervalTimer" */ = {
			isa = XCConfigurationList;
			buildConfigurations = (
				3FA4A9C11DC7891D00516584 /* Debug */,
				3FA4A9C21DC7891D00516584 /* Release */,
			);
			defaultConfigurationIsVisible = 0;
			defaultConfigurationName = Release;
		};
		3FA4A9C31DC7891D00516584 /* Build configuration list for PBXNativeTarget "IntervalTimerTests" */ = {
			isa = XCConfigurationList;
			buildConfigurations = (
				3FA4A9C41DC7891D00516584 /* Debug */,
				3FA4A9C51DC7891D00516584 /* Release */,
			);
			defaultConfigurationIsVisible = 0;
			defaultConfigurationName = Release;
		};
/* End XCConfigurationList section */
	};
	rootObject = 3FA4A99B1DC7891D00516584 /* Project object */;
}
